# Dihya – SBOM Lockfile Ultra Avancé (CycloneDX, Multi-stack, Souveraineté, Sécurité)
# Ce fichier verrouille l’état exact de la SBOM (Software Bill of Materials) pour garantir la traçabilité, la conformité, la reproductibilité et la souveraineté numérique.
# Il est généré automatiquement à chaque release, build CI/CD, ou audit sécurité.
# Format : CycloneDX Lock v1.0 – Compatible multi-stack (Python, Node, Flutter, plugins, scripts, etc.)
# Multilingue : fr, en, ar, tzm

version: 1.0
generated_at: 2025-05-20T10:10:00Z
sbom_format: CycloneDX
sbom_spec_version: 1.5
sbom_serial: urn:uuid:8e4b6c2e-5d7a-4c2a-9e2d-20250520dihya
project: Dihya
project_version: 1.0.0
hash_sha256: 9e7e4c1b2f7a8d6e3c2b1a0f5e4d3c2b1a0f5e4d3c2b1a0f5e4d3c2b1a0f5e4d
locked_components:
  - name: Flask
    version: 3.0.3
    type: library
    purl: pkg:pypi/flask@3.0.3
    license: BSD-3-Clause
  - name: React
    version: 18.2.0
    type: library
    purl: pkg:npm/react@18.2.0
    license: MIT
  - name: Django
    version: 5.0.6
    type: library
    purl: pkg:pypi/django@5.0.6
    license: BSD-3-Clause
  - name: Node.js
    version: 20.12.2
    type: library
    purl: pkg:generic/node@20.12.2
    license: MIT
  - name: pytest
    version: 8.2.0
    type: library
    purl: pkg:pypi/pytest@8.2.0
    license: MIT
  - name: babel
    version: 2.14.0
    type: library
    purl: pkg:pypi/babel@2.14.0
    license: BSD-3-Clause
  - name: ollama
    version: 0.1.0
    type: library
    purl: pkg:pypi/ollama@0.1.0
    license: Apache-2.0
  - name: minio
    version: 7.2.5
    type: library
    purl: pkg:pypi/minio@7.2.5
    license: Apache-2.0

sovereignty: true
accessibility: AA/AAA
rgpd: compliant
multilingue: fr,en,ar,tzm

# 🇫🇷 Ce lockfile SBOM garantit la traçabilité, la conformité RGPD/NIS2, la souveraineté numérique et la reproductibilité des builds.
# 🇬🇧 This SBOM lockfile ensures traceability, RGPD/NIS2 compliance, digital sovereignty and build reproducibility.
# 🇦🇪 يضمن هذا الملف قفل SBOM التتبع، والامتثال لـ RGPD/NIS2، والسيادة الرقمية، وقابلية إعادة إنتاج البناء.
# ⵣ Agi afaylu n SBOM lockfile d-ittwasnen i uselkim, RGPD/NIS2, tazwart n umatu, akked uselkim n build.
